// !$*UTF8*$!
{
	archiveVersion = 1;
	classes = {
	};
	objectVersion = 50;
	objects = {

/* Begin PBXBuildFile section */
		1E2C9937221541FD0080A380 /* AppDelegate.swift in Sources */ = {isa = PBXBuildFile; fileRef = 1E2C9936221541FD0080A380 /* AppDelegate.swift */; };
		1E2C9939221541FD0080A380 /* ViewController.swift in Sources */ = {isa = PBXBuildFile; fileRef = 1E2C9938221541FD0080A380 /* ViewController.swift */; };
		1E2C993C221541FD0080A380 /* Main.storyboard in Resources */ = {isa = PBXBuildFile; fileRef = 1E2C993A221541FD0080A380 /* Main.storyboard */; };
		1E2C993E221541FE0080A380 /* Assets.xcassets in Resources */ = {isa = PBXBuildFile; fileRef = 1E2C993D221541FE0080A380 /* Assets.xcassets */; };
		1E2C9941221541FE0080A380 /* LaunchScreen.storyboard in Resources */ = {isa = PBXBuildFile; fileRef = 1E2C993F221541FE0080A380 /* LaunchScreen.storyboard */; };
		1E2C994C221541FE0080A380 /* BubbleTeaLocationTests.swift in Sources */ = {isa = PBXBuildFile; fileRef = 1E2C994B221541FE0080A380 /* BubbleTeaLocationTests.swift */; };
		1E2C9957221541FE0080A380 /* BubbleTeaLocationUITests.swift in Sources */ = {isa = PBXBuildFile; fileRef = 1E2C9956221541FE0080A380 /* BubbleTeaLocationUITests.swift */; };
/* End PBXBuildFile section */

/* Begin PBXContainerItemProxy section */
		1E2C9948221541FE0080A380 /* PBXContainerItemProxy */ = {
			isa = PBXContainerItemProxy;
			containerPortal = 1E2C992B221541FD0080A380 /* Project object */;
			proxyType = 1;
			remoteGlobalIDString = 1E2C9932221541FD0080A380;
			remoteInfo = BubbleTeaLocation;
		};
		1E2C9953221541FE0080A380 /* PBXContainerItemProxy */ = {
			isa = PBXContainerItemProxy;
			containerPortal = 1E2C992B221541FD0080A380 /* Project object */;
			proxyType = 1;
			remoteGlobalIDString = 1E2C9932221541FD0080A380;
			remoteInfo = BubbleTeaLocation;
		};
/* End PBXContainerItemProxy section */

/* Begin PBXFileReference section */
		1E2C9933221541FD0080A380 /* BubbleTeaLocation.app */ = {isa = PBXFileReference; explicitFileType = wrapper.application; includeInIndex = 0; path = BubbleTeaLocation.app; sourceTree = BUILT_PRODUCTS_DIR; };
		1E2C9936221541FD0080A380 /* AppDelegate.swift */ = {isa = PBXFileReference; lastKnownFileType = sourcecode.swift; path = AppDelegate.swift; sourceTree = "<group>"; };
		1E2C9938221541FD0080A380 /* ViewController.swift */ = {isa = PBXFileReference; lastKnownFileType = sourcecode.swift; path = ViewController.swift; sourceTree = "<group>"; };
		1E2C993B221541FD0080A380 /* Base */ = {isa = PBXFileReference; lastKnownFileType = file.storyboard; name = Base; path = Base.lproj/Main.storyboard; sourceTree = "<group>"; };
		1E2C993D221541FE0080A380 /* Assets.xcassets */ = {isa = PBXFileReference; lastKnownFileType = folder.assetcatalog; path = Assets.xcassets; sourceTree = "<group>"; };
		1E2C9940221541FE0080A380 /* Base */ = {isa = PBXFileReference; lastKnownFileType = file.storyboard; name = Base; path = Base.lproj/LaunchScreen.storyboard; sourceTree = "<group>"; };
		1E2C9942221541FE0080A380 /* Info.plist */ = {isa = PBXFileReference; lastKnownFileType = text.plist.xml; path = Info.plist; sourceTree = "<group>"; };
		1E2C9947221541FE0080A380 /* BubbleTeaLocationTests.xctest */ = {isa = PBXFileReference; explicitFileType = wrapper.cfbundle; includeInIndex = 0; path = BubbleTeaLocationTests.xctest; sourceTree = BUILT_PRODUCTS_DIR; };
		1E2C994B221541FE0080A380 /* BubbleTeaLocationTests.swift */ = {isa = PBXFileReference; lastKnownFileType = sourcecode.swift; path = BubbleTeaLocationTests.swift; sourceTree = "<group>"; };
		1E2C994D221541FE0080A380 /* Info.plist */ = {isa = PBXFileReference; lastKnownFileType = text.plist.xml; path = Info.plist; sourceTree = "<group>"; };
		1E2C9952221541FE0080A380 /* BubbleTeaLocationUITests.xctest */ = {isa = PBXFileReference; explicitFileType = wrapper.cfbundle; includeInIndex = 0; path = BubbleTeaLocationUITests.xctest; sourceTree = BUILT_PRODUCTS_DIR; };
		1E2C9956221541FE0080A380 /* BubbleTeaLocationUITests.swift */ = {isa = PBXFileReference; lastKnownFileType = sourcecode.swift; path = BubbleTeaLocationUITests.swift; sourceTree = "<group>"; };
		1E2C9958221541FE0080A380 /* Info.plist */ = {isa = PBXFileReference; lastKnownFileType = text.plist.xml; path = Info.plist; sourceTree = "<group>"; };
/* End PBXFileReference section */

/* Begin PBXFrameworksBuildPhase section */
		1E2C9930221541FD0080A380 /* Frameworks */ = {
			isa = PBXFrameworksBuildPhase;
			buildActionMask = 2147483647;
			files = (
			);
			runOnlyForDeploymentPostprocessing = 0;
		};
		1E2C9944221541FE0080A380 /* Frameworks */ = {
			isa = PBXFrameworksBuildPhase;
			buildActionMask = 2147483647;
			files = (
			);
			runOnlyForDeploymentPostprocessing = 0;
		};
		1E2C994F221541FE0080A380 /* Frameworks */ = {
			isa = PBXFrameworksBuildPhase;
			buildActionMask = 2147483647;
			files = (
			);
			runOnlyForDeploymentPostprocessing = 0;
		};
/* End PBXFrameworksBuildPhase section */

/* Begin PBXGroup section */
		1E2C992A221541FD0080A380 = {
			isa = PBXGroup;
			children = (
				1E2C9935221541FD0080A380 /* BubbleTeaLocation */,
				1E2C994A221541FE0080A380 /* BubbleTeaLocationTests */,
				1E2C9955221541FE0080A380 /* BubbleTeaLocationUITests */,
				1E2C9934221541FD0080A380 /* Products */,
			);
			sourceTree = "<group>";
		};
		1E2C9934221541FD0080A380 /* Products */ = {
			isa = PBXGroup;
			children = (
				1E2C9933221541FD0080A380 /* BubbleTeaLocation.app */,
				1E2C9947221541FE0080A380 /* BubbleTeaLocationTests.xctest */,
				1E2C9952221541FE0080A380 /* BubbleTeaLocationUITests.xctest */,
			);
			name = Products;
			sourceTree = "<group>";
		};
		1E2C9935221541FD0080A380 /* BubbleTeaLocation */ = {
			isa = PBXGroup;
			children = (
				1E2C9936221541FD0080A380 /* AppDelegate.swift */,
				1E2C9938221541FD0080A380 /* ViewController.swift */,
				1E2C993A221541FD0080A380 /* Main.storyboard */,
				1E2C993D221541FE0080A380 /* Assets.xcassets */,
				1E2C993F221541FE0080A380 /* LaunchScreen.storyboard */,
				1E2C9942221541FE0080A380 /* Info.plist */,
			);
			path = BubbleTeaLocation;
			sourceTree = "<group>";
		};
		1E2C994A221541FE0080A380 /* BubbleTeaLocationTests */ = {
			isa = PBXGroup;
			children = (
				1E2C994B221541FE0080A380 /* BubbleTeaLocationTests.swift */,
				1E2C994D221541FE0080A380 /* Info.plist */,
			);
			path = BubbleTeaLocationTests;
			sourceTree = "<group>";
		};
		1E2C9955221541FE0080A380 /* BubbleTeaLocationUITests */ = {
			isa = PBXGroup;
			children = (
				1E2C9956221541FE0080A380 /* BubbleTeaLocationUITests.swift */,
				1E2C9958221541FE0080A380 /* Info.plist */,
			);
			path = BubbleTeaLocationUITests;
			sourceTree = "<group>";
		};
/* End PBXGroup section */

/* Begin PBXNativeTarget section */
		1E2C9932221541FD0080A380 /* BubbleTeaLocation */ = {
			isa = PBXNativeTarget;
			buildConfigurationList = 1E2C995B221541FE0080A380 /* Build configuration list for PBXNativeTarget "BubbleTeaLocation" */;
			buildPhases = (
				1E2C992F221541FD0080A380 /* Sources */,
				1E2C9930221541FD0080A380 /* Frameworks */,
				1E2C9931221541FD0080A380 /* Resources */,
			);
			buildRules = (
			);
			dependencies = (
			);
			name = BubbleTeaLocation;
			productName = BubbleTeaLocation;
			productReference = 1E2C9933221541FD0080A380 /* BubbleTeaLocation.app */;
			productType = "com.apple.product-type.application";
		};
		1E2C9946221541FE0080A380 /* BubbleTeaLocationTests */ = {
			isa = PBXNativeTarget;
			buildConfigurationList = 1E2C995E221541FE0080A380 /* Build configuration list for PBXNativeTarget "BubbleTeaLocationTests" */;
			buildPhases = (
				1E2C9943221541FE0080A380 /* Sources */,
				1E2C9944221541FE0080A380 /* Frameworks */,
				1E2C9945221541FE0080A380 /* Resources */,
			);
			buildRules = (
			);
			dependencies = (
				1E2C9949221541FE0080A380 /* PBXTargetDependency */,
			);
			name = BubbleTeaLocationTests;
			productName = BubbleTeaLocationTests;
			productReference = 1E2C9947221541FE0080A380 /* BubbleTeaLocationTests.xctest */;
			productType = "com.apple.product-type.bundle.unit-test";
		};
		1E2C9951221541FE0080A380 /* BubbleTeaLocationUITests */ = {
			isa = PBXNativeTarget;
			buildConfigurationList = 1E2C9961221541FE0080A380 /* Build configuration list for PBXNativeTarget "BubbleTeaLocationUITests" */;
			buildPhases = (
				1E2C994E221541FE0080A380 /* Sources */,
				1E2C994F221541FE0080A380 /* Frameworks */,
				1E2C9950221541FE0080A380 /* Resources */,
			);
			buildRules = (
			);
			dependencies = (
				1E2C9954221541FE0080A380 /* PBXTargetDependency */,
			);
			name = BubbleTeaLocationUITests;
			productName = BubbleTeaLocationUITests;
			productReference = 1E2C9952221541FE0080A380 /* BubbleTeaLocationUITests.xctest */;
			productType = "com.apple.product-type.bundle.ui-testing";
		};
/* End PBXNativeTarget section */

/* Begin PBXProject section */
		1E2C992B221541FD0080A380 /* Project object */ = {
			isa = PBXProject;
			attributes = {
				LastSwiftUpdateCheck = 1010;
				LastUpgradeCheck = 1010;
				ORGANIZATIONNAME = Spextrum;
				TargetAttributes = {
					1E2C9932221541FD0080A380 = {
						CreatedOnToolsVersion = 10.1;
					};
					1E2C9946221541FE0080A380 = {
						CreatedOnToolsVersion = 10.1;
						TestTargetID = 1E2C9932221541FD0080A380;
					};
					1E2C9951221541FE0080A380 = {
						CreatedOnToolsVersion = 10.1;
						TestTargetID = 1E2C9932221541FD0080A380;
					};
				};
			};
			buildConfigurationList = 1E2C992E221541FD0080A380 /* Build configuration list for PBXProject "BubbleTeaLocation" */;
			compatibilityVersion = "Xcode 9.3";
			developmentRegion = en;
			hasScannedForEncodings = 0;
			knownRegions = (
				en,
				Base,
			);
			mainGroup = 1E2C992A221541FD0080A380;
			productRefGroup = 1E2C9934221541FD0080A380 /* Products */;
			projectDirPath = "";
			projectRoot = "";
			targets = (
				1E2C9932221541FD0080A380 /* BubbleTeaLocation */,
				1E2C9946221541FE0080A380 /* BubbleTeaLocationTests */,
				1E2C9951221541FE0080A380 /* BubbleTeaLocationUITests */,
			);
		};
/* End PBXProject section */

/* Begin PBXResourcesBuildPhase section */
		1E2C9931221541FD0080A380 /* Resources */ = {
			isa = PBXResourcesBuildPhase;
			buildActionMask = 2147483647;
			files = (
				1E2C9941221541FE0080A380 /* LaunchScreen.storyboard in Resources */,
				1E2C993E221541FE0080A380 /* Assets.xcassets in Resources */,
				1E2C993C221541FD0080A380 /* Main.storyboard in Resources */,
			);
			runOnlyForDeploymentPostprocessing = 0;
		};
		1E2C9945221541FE0080A380 /* Resources */ = {
			isa = PBXResourcesBuildPhase;
			buildActionMask = 2147483647;
			files = (
			);
			runOnlyForDeploymentPostprocessing = 0;
		};
		1E2C9950221541FE0080A380 /* Resources */ = {
			isa = PBXResourcesBuildPhase;
			buildActionMask = 2147483647;
			files = (
			);
			runOnlyForDeploymentPostprocessing = 0;
		};
/* End PBXResourcesBuildPhase section */

/* Begin PBXSourcesBuildPhase section */
		1E2C992F221541FD0080A380 /* Sources */ = {
			isa = PBXSourcesBuildPhase;
			buildActionMask = 2147483647;
			files = (
				1E2C9939221541FD0080A380 /* ViewController.swift in Sources */,
				1E2C9937221541FD0080A380 /* AppDelegate.swift in Sources */,
			);
			runOnlyForDeploymentPostprocessing = 0;
		};
		1E2C9943221541FE0080A380 /* Sources */ = {
			isa = PBXSourcesBuildPhase;
			buildActionMask = 2147483647;
			files = (
				1E2C994C221541FE0080A380 /* BubbleTeaLocationTests.swift in Sources */,
			);
			runOnlyForDeploymentPostprocessing = 0;
		};
		1E2C994E221541FE0080A380 /* Sources */ = {
			isa = PBXSourcesBuildPhase;
			buildActionMask = 2147483647;
			files = (
				1E2C9957221541FE0080A380 /* BubbleTeaLocationUITests.swift in Sources */,
			);
			runOnlyForDeploymentPostprocessing = 0;
		};
/* End PBXSourcesBuildPhase section */

/* Begin PBXTargetDependency section */
		1E2C9949221541FE0080A380 /* PBXTargetDependency */ = {
			isa = PBXTargetDependency;
			target = 1E2C9932221541FD0080A380 /* BubbleTeaLocation */;
			targetProxy = 1E2C9948221541FE0080A380 /* PBXContainerItemProxy */;
		};
		1E2C9954221541FE0080A380 /* PBXTargetDependency */ = {
			isa = PBXTargetDependency;
			target = 1E2C9932221541FD0080A380 /* BubbleTeaLocation */;
			targetProxy = 1E2C9953221541FE0080A380 /* PBXContainerItemProxy */;
		};
/* End PBXTargetDependency section */

/* Begin PBXVariantGroup section */
		1E2C993A221541FD0080A380 /* Main.storyboard */ = {
			isa = PBXVariantGroup;
			children = (
				1E2C993B221541FD0080A380 /* Base */,
			);
			name = Main.storyboard;
			sourceTree = "<group>";
		};
		1E2C993F221541FE0080A380 /* LaunchScreen.storyboard */ = {
			isa = PBXVariantGroup;
			children = (
				1E2C9940221541FE0080A380 /* Base */,
			);
			name = LaunchScreen.storyboard;
			sourceTree = "<group>";
		};
/* End PBXVariantGroup section */

/* Begin XCBuildConfiguration section */
		1E2C9959221541FE0080A380 /* Debug */ = {
			isa = XCBuildConfiguration;
			buildSettings = {
				ALWAYS_SEARCH_USER_PATHS = NO;
				CLANG_ANALYZER_NONNULL = YES;
				CLANG_ANALYZER_NUMBER_OBJECT_CONVERSION = YES_AGGRESSIVE;
				CLANG_CXX_LANGUAGE_STANDARD = "gnu++14";
				CLANG_CXX_LIBRARY = "libc++";
				CLANG_ENABLE_MODULES = YES;
				CLANG_ENABLE_OBJC_ARC = YES;
				CLANG_ENABLE_OBJC_WEAK = YES;
				CLANG_WARN_BLOCK_CAPTURE_AUTORELEASING = YES;
				CLANG_WARN_BOOL_CONVERSION = YES;
				CLANG_WARN_COMMA = YES;
				CLANG_WARN_CONSTANT_CONVERSION = YES;
				CLANG_WARN_DEPRECATED_OBJC_IMPLEMENTATIONS = YES;
				CLANG_WARN_DIRECT_OBJC_ISA_USAGE = YES_ERROR;
				CLANG_WARN_DOCUMENTATION_COMMENTS = YES;
				CLANG_WARN_EMPTY_BODY = YES;
				CLANG_WARN_ENUM_CONVERSION = YES;
				CLANG_WARN_INFINITE_RECURSION = YES;
				CLANG_WARN_INT_CONVERSION = YES;
				CLANG_WARN_NON_LITERAL_NULL_CONVERSION = YES;
				CLANG_WARN_OBJC_IMPLICIT_RETAIN_SELF = YES;
				CLANG_WARN_OBJC_LITERAL_CONVERSION = YES;
				CLANG_WARN_OBJC_ROOT_CLASS = YES_ERROR;
				CLANG_WARN_RANGE_LOOP_ANALYSIS = YES;
				CLANG_WARN_STRICT_PROTOTYPES = YES;
				CLANG_WARN_SUSPICIOUS_MOVE = YES;
				CLANG_WARN_UNGUARDED_AVAILABILITY = YES_AGGRESSIVE;
				CLANG_WARN_UNREACHABLE_CODE = YES;
				CLANG_WARN__DUPLICATE_METHOD_MATCH = YES;
				CODE_SIGN_IDENTITY = "iPhone Developer";
				COPY_PHASE_STRIP = NO;
				DEBUG_INFORMATION_FORMAT = dwarf;
				ENABLE_STRICT_OBJC_MSGSEND = YES;
				ENABLE_TESTABILITY = YES;
				GCC_C_LANGUAGE_STANDARD = gnu11;
				GCC_DYNAMIC_NO_PIC = NO;
				GCC_NO_COMMON_BLOCKS = YES;
				GCC_OPTIMIZATION_LEVEL = 0;
				GCC_PREPROCESSOR_DEFINITIONS = (
					"DEBUG=1",
					"$(inherited)",
				);
				GCC_WARN_64_TO_32_BIT_CONVERSION = YES;
				GCC_WARN_ABOUT_RETURN_TYPE = YES_ERROR;
				GCC_WARN_UNDECLARED_SELECTOR = YES;
				GCC_WARN_UNINITIALIZED_AUTOS = YES_AGGRESSIVE;
				GCC_WARN_UNUSED_FUNCTION = YES;
				GCC_WARN_UNUSED_VARIABLE = YES;
				IPHONEOS_DEPLOYMENT_TARGET = 12.1;
				MTL_ENABLE_DEBUG_INFO = INCLUDE_SOURCE;
				MTL_FAST_MATH = YES;
				ONLY_ACTIVE_ARCH = YES;
				SDKROOT = iphoneos;
				SWIFT_ACTIVE_COMPILATION_CONDITIONS = DEBUG;
				SWIFT_OPTIMIZATION_LEVEL = "-Onone";
			};
			name = Debug;
		};
		1E2C995A221541FE0080A380 /* Release */ = {
			isa = XCBuildConfiguration;
			buildSettings = {
				ALWAYS_SEARCH_USER_PATHS = NO;
				CLANG_ANALYZER_NONNULL = YES;
				CLANG_ANALYZER_NUMBER_OBJECT_CONVERSION = YES_AGGRESSIVE;
				CLANG_CXX_LANGUAGE_STANDARD = "gnu++14";
				CLANG_CXX_LIBRARY = "libc++";
				CLANG_ENABLE_MODULES = YES;
				CLANG_ENABLE_OBJC_ARC = YES;
				CLANG_ENABLE_OBJC_WEAK = YES;
				CLANG_WARN_BLOCK_CAPTURE_AUTORELEASING = YES;
				CLANG_WARN_BOOL_CONVERSION = YES;
				CLANG_WARN_COMMA = YES;
				CLANG_WARN_CONSTANT_CONVERSION = YES;
				CLANG_WARN_DEPRECATED_OBJC_IMPLEMENTATIONS = YES;
				CLANG_WARN_DIRECT_OBJC_ISA_USAGE = YES_ERROR;
				CLANG_WARN_DOCUMENTATION_COMMENTS = YES;
				CLANG_WARN_EMPTY_BODY = YES;
				CLANG_WARN_ENUM_CONVERSION = YES;
				CLANG_WARN_INFINITE_RECURSION = YES;
				CLANG_WARN_INT_CONVERSION = YES;
				CLANG_WARN_NON_LITERAL_NULL_CONVERSION = YES;
				CLANG_WARN_OBJC_IMPLICIT_RETAIN_SELF = YES;
				CLANG_WARN_OBJC_LITERAL_CONVERSION = YES;
				CLANG_WARN_OBJC_ROOT_CLASS = YES_ERROR;
				CLANG_WARN_RANGE_LOOP_ANALYSIS = YES;
				CLANG_WARN_STRICT_PROTOTYPES = YES;
				CLANG_WARN_SUSPICIOUS_MOVE = YES;
				CLANG_WARN_UNGUARDED_AVAILABILITY = YES_AGGRESSIVE;
				CLANG_WARN_UNREACHABLE_CODE = YES;
				CLANG_WARN__DUPLICATE_METHOD_MATCH = YES;
				CODE_SIGN_IDENTITY = "iPhone Developer";
				COPY_PHASE_STRIP = NO;
				DEBUG_INFORMATION_FORMAT = "dwarf-with-dsym";
				ENABLE_NS_ASSERTIONS = NO;
				ENABLE_STRICT_OBJC_MSGSEND = YES;
				GCC_C_LANGUAGE_STANDARD = gnu11;
				GCC_NO_COMMON_BLOCKS = YES;
				GCC_WARN_64_TO_32_BIT_CONVERSION = YES;
				GCC_WARN_ABOUT_RETURN_TYPE = YES_ERROR;
				GCC_WARN_UNDECLARED_SELECTOR = YES;
				GCC_WARN_UNINITIALIZED_AUTOS = YES_AGGRESSIVE;
				GCC_WARN_UNUSED_FUNCTION = YES;
				GCC_WARN_UNUSED_VARIABLE = YES;
				IPHONEOS_DEPLOYMENT_TARGET = 12.1;
				MTL_ENABLE_DEBUG_INFO = NO;
				MTL_FAST_MATH = YES;
				SDKROOT = iphoneos;
				SWIFT_COMPILATION_MODE = wholemodule;
				SWIFT_OPTIMIZATION_LEVEL = "-O";
				VALIDATE_PRODUCT = YES;
			};
			name = Release;
		};
		1E2C995C221541FE0080A380 /* Debug */ = {
			isa = XCBuildConfiguration;
			buildSettings = {
				ASSETCATALOG_COMPILER_APPICON_NAME = AppIcon;
				CODE_SIGN_STYLE = Automatic;
				DEVELOPMENT_TEAM = BXYMF5LW2T;
				INFOPLIST_FILE = BubbleTeaLocation/Info.plist;
				LD_RUNPATH_SEARCH_PATHS = (
					"$(inherited)",
					"@executable_path/Frameworks",
				);
				PRODUCT_BUNDLE_IDENTIFIER = com.spextrum.DemoDatabase.BubbleTeaLocation;
				PRODUCT_NAME = "$(TARGET_NAME)";
				SWIFT_VERSION = 4.2;
				TARGETED_DEVICE_FAMILY = "1,2";
			};
			name = Debug;
		};
		1E2C995D221541FE0080A380 /* Release */ = {
			isa = XCBuildConfiguration;
			buildSettings = {
				ASSETCATALOG_COMPILER_APPICON_NAME = AppIcon;
				CODE_SIGN_STYLE = Automatic;
				DEVELOPMENT_TEAM = BXYMF5LW2T;
				INFOPLIST_FILE = BubbleTeaLocation/Info.plist;
				LD_RUNPATH_SEARCH_PATHS = (
					"$(inherited)",
					"@executable_path/Frameworks",
				);
				PRODUCT_BUNDLE_IDENTIFIER = com.spextrum.DemoDatabase.BubbleTeaLocation;
				PRODUCT_NAME = "$(TARGET_NAME)";
				SWIFT_VERSION = 4.2;
				TARGETED_DEVICE_FAMILY = "1,2";
			};
			name = Release;
		};
		1E2C995F221541FE0080A380 /* Debug */ = {
			isa = XCBuildConfiguration;
			buildSettings = {
				ALWAYS_EMBED_SWIFT_STANDARD_LIBRARIES = YES;
				BUNDLE_LOADER = "$(TEST_HOST)";
				CODE_SIGN_STYLE = Automatic;
				DEVELOPMENT_TEAM = BXYMF5LW2T;
				INFOPLIST_FILE = BubbleTeaLocationTests/Info.plist;
				LD_RUNPATH_SEARCH_PATHS = (
					"$(inherited)",
					"@executable_path/Frameworks",
					"@loader_path/Frameworks",
				);
				PRODUCT_BUNDLE_IDENTIFIER = com.spextrum.DemoDatabase.BubbleTeaLocationTests;
				PRODUCT_NAME = "$(TARGET_NAME)";
				SWIFT_VERSION = 4.2;
				TARGETED_DEVICE_FAMILY = "1,2";
				TEST_HOST = "$(BUILT_PRODUCTS_DIR)/BubbleTeaLocation.app/BubbleTeaLocation";
			};
			name = Debug;
		};
		1E2C9960221541FE0080A380 /* Release */ = {
			isa = XCBuildConfiguration;
			buildSettings = {
				ALWAYS_EMBED_SWIFT_STANDARD_LIBRARIES = YES;
				BUNDLE_LOADER = "$(TEST_HOST)";
				CODE_SIGN_STYLE = Automatic;
				DEVELOPMENT_TEAM = BXYMF5LW2T;
				INFOPLIST_FILE = BubbleTeaLocationTests/Info.plist;
				LD_RUNPATH_SEARCH_PATHS = (
					"$(inherited)",
					"@executable_path/Frameworks",
					"@loader_path/Frameworks",
				);
				PRODUCT_BUNDLE_IDENTIFIER = com.spextrum.DemoDatabase.BubbleTeaLocationTests;
				PRODUCT_NAME = "$(TARGET_NAME)";
				SWIFT_VERSION = 4.2;
				TARGETED_DEVICE_FAMILY = "1,2";
				TEST_HOST = "$(BUILT_PRODUCTS_DIR)/BubbleTeaLocation.app/BubbleTeaLocation";
			};
			name = Release;
		};
		1E2C9962221541FE0080A380 /* Debug */ = {
			isa = XCBuildConfiguration;
			buildSettings = {
				ALWAYS_EMBED_SWIFT_STANDARD_LIBRARIES = YES;
				CODE_SIGN_STYLE = Automatic;
				DEVELOPMENT_TEAM = BXYMF5LW2T;
				INFOPLIST_FILE = BubbleTeaLocationUITests/Info.plist;
				LD_RUNPATH_SEARCH_PATHS = (
					"$(inherited)",
					"@executable_path/Frameworks",
					"@loader_path/Frameworks",
				);
				PRODUCT_BUNDLE_IDENTIFIER = com.spextrum.DemoDatabase.BubbleTeaLocationUITests;
				PRODUCT_NAME = "$(TARGET_NAME)";
				SWIFT_VERSION = 4.2;
				TARGETED_DEVICE_FAMILY = "1,2";
				TEST_TARGET_NAME = BubbleTeaLocation;
			};
			name = Debug;
		};
		1E2C9963221541FE0080A380 /* Release */ = {
			isa = XCBuildConfiguration;
			buildSettings = {
				ALWAYS_EMBED_SWIFT_STANDARD_LIBRARIES = YES;
				CODE_SIGN_STYLE = Automatic;
				DEVELOPMENT_TEAM = BXYMF5LW2T;
				INFOPLIST_FILE = BubbleTeaLocationUITests/Info.plist;
				LD_RUNPATH_SEARCH_PATHS = (
					"$(inherited)",
					"@executable_path/Frameworks",
					"@loader_path/Frameworks",
				);
				PRODUCT_BUNDLE_IDENTIFIER = com.spextrum.DemoDatabase.BubbleTeaLocationUITests;
				PRODUCT_NAME = "$(TARGET_NAME)";
				SWIFT_VERSION = 4.2;
				TARGETED_DEVICE_FAMILY = "1,2";
				TEST_TARGET_NAME = BubbleTeaLocation;
			};
			name = Release;
		};
/* End XCBuildConfiguration section */

/* Begin XCConfigurationList section */
		1E2C992E221541FD0080A380 /* Build configuration list for PBXProject "BubbleTeaLocation" */ = {
			isa = XCConfigurationList;
			buildConfigurations = (
				1E2C9959221541FE0080A380 /* Debug */,
				1E2C995A221541FE0080A380 /* Release */,
			);
			defaultConfigurationIsVisible = 0;
			defaultConfigurationName = Release;
		};
		1E2C995B221541FE0080A380 /* Build configuration list for PBXNativeTarget "BubbleTeaLocation" */ = {
			isa = XCConfigurationList;
			buildConfigurations = (
				1E2C995C221541FE0080A380 /* Debug */,
				1E2C995D221541FE0080A380 /* Release */,
			);
			defaultConfigurationIsVisible = 0;
			defaultConfigurationName = Release;
		};
		1E2C995E221541FE0080A380 /* Build configuration list for PBXNativeTarget "BubbleTeaLocationTests" */ = {
			isa = XCConfigurationList;
			buildConfigurations = (
				1E2C995F221541FE0080A380 /* Debug */,
				1E2C9960221541FE0080A380 /* Release */,
			);
			defaultConfigurationIsVisible = 0;
			defaultConfigurationName = Release;
		};
		1E2C9961221541FE0080A380 /* Build configuration list for PBXNativeTarget "BubbleTeaLocationUITests" */ = {
			isa = XCConfigurationList;
			buildConfigurations = (
				1E2C9962221541FE0080A380 /* Debug */,
				1E2C9963221541FE0080A380 /* Release */,
			);
			defaultConfigurationIsVisible = 0;
			defaultConfigurationName = Release;
		};
/* End XCConfigurationList section */
	};
	rootObject = 1E2C992B221541FD0080A380 /* Project object */;
}
