// !$*UTF8*$!
{
	archiveVersion = 1;
	classes = {
	};
	objectVersion = 50;
	objects = {

/* Begin PBXBuildFile section */
		1E2C9937221541FD0080A380 /* AppDelegate.swift in Sources */ = {isa = PBXBuildFile; fileRef = 1E2C9936221541FD0080A380 /* AppDelegate.swift */; };
		1E2C9939221541FD0080A380 /* ViewController.swift in Sources */ = {isa = PBXBuildFile; fileRef = 1E2C9938221541FD0080A380 /* ViewController.swift */; };
		1E2C993C221541FD0080A380 /* Main.storyboard in Resources */ = {isa = PBXBuildFile; fileRef = 1E2C993A221541FD0080A380 /* Main.storyboard */; };
		1E2C993E221541FE0080A380 /* Assets.xcassets in Resources */ = {isa = PBXBuildFile; fileRef = 1E2C993D221541FE0080A380 /* Assets.xcassets */; };
		1E2C9941221541FE0080A380 /* LaunchScreen.storyboard in Resources */ = {isa = PBXBuildFile; fileRef = 1E2C993F221541FE0080A380 /* LaunchScreen.storyboard */; };
		1E2C994C221541FE0080A380 /* BubbleTeaLocationTests.swift in Sources */ = {isa = PBXBuildFile; fileRef = 1E2C994B221541FE0080A380 /* BubbleTeaLocationTests.swift */; };
		1E2C9957221541FE0080A380 /* BubbleTeaLocationUITests.swift in Sources */ = {isa = PBXBuildFile; fileRef = 1E2C9956221541FE0080A380 /* BubbleTeaLocationUITests.swift */; };
		1E925AA0221E80C900655CBA /* JsonResponse.swift in Sources */ = {isa = PBXBuildFile; fileRef = 1E925A9F221E80C900655CBA /* JsonResponse.swift */; };
		1E925AA2221E814C00655CBA /* VenuesResponse.swift in Sources */ = {isa = PBXBuildFile; fileRef = 1E925AA1221E814C00655CBA /* VenuesResponse.swift */; };
		1E925AA4221E817E00655CBA /* Venue.swift in Sources */ = {isa = PBXBuildFile; fileRef = 1E925AA3221E817E00655CBA /* Venue.swift */; };
		1E925AA6221E843D00655CBA /* Location.swift in Sources */ = {isa = PBXBuildFile; fileRef = 1E925AA5221E843D00655CBA /* Location.swift */; };
		28355387CD9ED96864B84DC4 /* Pods_BubbleTeaLocationUITests.framework in Frameworks */ = {isa = PBXBuildFile; fileRef = CF267FEF13614BD01A776238 /* Pods_BubbleTeaLocationUITests.framework */; };
		42A0FFF973D3188456D46A7E /* Pods_BubbleTeaLocation.framework in Frameworks */ = {isa = PBXBuildFile; fileRef = 102C0039A28B60FA7376D9A4 /* Pods_BubbleTeaLocation.framework */; };
		AFE9427A90F6E49C84BDD873 /* Pods_BubbleTeaLocationTests.framework in Frameworks */ = {isa = PBXBuildFile; fileRef = 10CBA9B31644FE0F2327DD90 /* Pods_BubbleTeaLocationTests.framework */; };
/* End PBXBuildFile section */

/* Begin PBXContainerItemProxy section */
		1E2C9948221541FE0080A380 /* PBXContainerItemProxy */ = {
			isa = PBXContainerItemProxy;
			containerPortal = 1E2C992B221541FD0080A380 /* Project object */;
			proxyType = 1;
			remoteGlobalIDString = 1E2C9932221541FD0080A380;
			remoteInfo = BubbleTeaLocation;
		};
		1E2C9953221541FE0080A380 /* PBXContainerItemProxy */ = {
			isa = PBXContainerItemProxy;
			containerPortal = 1E2C992B221541FD0080A380 /* Project object */;
			proxyType = 1;
			remoteGlobalIDString = 1E2C9932221541FD0080A380;
			remoteInfo = BubbleTeaLocation;
		};
/* End PBXContainerItemProxy section */

/* Begin PBXFileReference section */
		102C0039A28B60FA7376D9A4 /* Pods_BubbleTeaLocation.framework */ = {isa = PBXFileReference; explicitFileType = wrapper.framework; includeInIndex = 0; path = Pods_BubbleTeaLocation.framework; sourceTree = BUILT_PRODUCTS_DIR; };
		10CBA9B31644FE0F2327DD90 /* Pods_BubbleTeaLocationTests.framework */ = {isa = PBXFileReference; explicitFileType = wrapper.framework; includeInIndex = 0; path = Pods_BubbleTeaLocationTests.framework; sourceTree = BUILT_PRODUCTS_DIR; };
		1E2C9933221541FD0080A380 /* BubbleTeaLocation.app */ = {isa = PBXFileReference; explicitFileType = wrapper.application; includeInIndex = 0; path = BubbleTeaLocation.app; sourceTree = BUILT_PRODUCTS_DIR; };
		1E2C9936221541FD0080A380 /* AppDelegate.swift */ = {isa = PBXFileReference; lastKnownFileType = sourcecode.swift; path = AppDelegate.swift; sourceTree = "<group>"; };
		1E2C9938221541FD0080A380 /* ViewController.swift */ = {isa = PBXFileReference; lastKnownFileType = sourcecode.swift; path = ViewController.swift; sourceTree = "<group>"; };
		1E2C993B221541FD0080A380 /* Base */ = {isa = PBXFileReference; lastKnownFileType = file.storyboard; name = Base; path = Base.lproj/Main.storyboard; sourceTree = "<group>"; };
		1E2C993D221541FE0080A380 /* Assets.xcassets */ = {isa = PBXFileReference; lastKnownFileType = folder.assetcatalog; path = Assets.xcassets; sourceTree = "<group>"; };
		1E2C9940221541FE0080A380 /* Base */ = {isa = PBXFileReference; lastKnownFileType = file.storyboard; name = Base; path = Base.lproj/LaunchScreen.storyboard; sourceTree = "<group>"; };
		1E2C9942221541FE0080A380 /* Info.plist */ = {isa = PBXFileReference; lastKnownFileType = text.plist.xml; path = Info.plist; sourceTree = "<group>"; };
		1E2C9947221541FE0080A380 /* BubbleTeaLocationTests.xctest */ = {isa = PBXFileReference; explicitFileType = wrapper.cfbundle; includeInIndex = 0; path = BubbleTeaLocationTests.xctest; sourceTree = BUILT_PRODUCTS_DIR; };
		1E2C994B221541FE0080A380 /* BubbleTeaLocationTests.swift */ = {isa = PBXFileReference; lastKnownFileType = sourcecode.swift; path = BubbleTeaLocationTests.swift; sourceTree = "<group>"; };
		1E2C994D221541FE0080A380 /* Info.plist */ = {isa = PBXFileReference; lastKnownFileType = text.plist.xml; path = Info.plist; sourceTree = "<group>"; };
		1E2C9952221541FE0080A380 /* BubbleTeaLocationUITests.xctest */ = {isa = PBXFileReference; explicitFileType = wrapper.cfbundle; includeInIndex = 0; path = BubbleTeaLocationUITests.xctest; sourceTree = BUILT_PRODUCTS_DIR; };
		1E2C9956221541FE0080A380 /* BubbleTeaLocationUITests.swift */ = {isa = PBXFileReference; lastKnownFileType = sourcecode.swift; path = BubbleTeaLocationUITests.swift; sourceTree = "<group>"; };
		1E2C9958221541FE0080A380 /* Info.plist */ = {isa = PBXFileReference; lastKnownFileType = text.plist.xml; path = Info.plist; sourceTree = "<group>"; };
		1E925A9F221E80C900655CBA /* JsonResponse.swift */ = {isa = PBXFileReference; lastKnownFileType = sourcecode.swift; path = JsonResponse.swift; sourceTree = "<group>"; };
		1E925AA1221E814C00655CBA /* VenuesResponse.swift */ = {isa = PBXFileReference; lastKnownFileType = sourcecode.swift; path = VenuesResponse.swift; sourceTree = "<group>"; };
		1E925AA3221E817E00655CBA /* Venue.swift */ = {isa = PBXFileReference; lastKnownFileType = sourcecode.swift; path = Venue.swift; sourceTree = "<group>"; };
		1E925AA5221E843D00655CBA /* Location.swift */ = {isa = PBXFileReference; lastKnownFileType = sourcecode.swift; path = Location.swift; sourceTree = "<group>"; };
		4E75BB0D661F4A09F0E794D4 /* Pods-BubbleTeaLocationTests.release.xcconfig */ = {isa = PBXFileReference; includeInIndex = 1; lastKnownFileType = text.xcconfig; name = "Pods-BubbleTeaLocationTests.release.xcconfig"; path = "Target Support Files/Pods-BubbleTeaLocationTests/Pods-BubbleTeaLocationTests.release.xcconfig"; sourceTree = "<group>"; };
		67FA813DD67C26F3BC5D11B2 /* Pods-BubbleTeaLocation.debug.xcconfig */ = {isa = PBXFileReference; includeInIndex = 1; lastKnownFileType = text.xcconfig; name = "Pods-BubbleTeaLocation.debug.xcconfig"; path = "Target Support Files/Pods-BubbleTeaLocation/Pods-BubbleTeaLocation.debug.xcconfig"; sourceTree = "<group>"; };
		800A38D6BA6A76E5AAF36DC6 /* Pods-BubbleTeaLocationUITests.debug.xcconfig */ = {isa = PBXFileReference; includeInIndex = 1; lastKnownFileType = text.xcconfig; name = "Pods-BubbleTeaLocationUITests.debug.xcconfig"; path = "Target Support Files/Pods-BubbleTeaLocationUITests/Pods-BubbleTeaLocationUITests.debug.xcconfig"; sourceTree = "<group>"; };
		AA0D2B6375C368E466CF1AF3 /* Pods-BubbleTeaLocationUITests.release.xcconfig */ = {isa = PBXFileReference; includeInIndex = 1; lastKnownFileType = text.xcconfig; name = "Pods-BubbleTeaLocationUITests.release.xcconfig"; path = "Target Support Files/Pods-BubbleTeaLocationUITests/Pods-BubbleTeaLocationUITests.release.xcconfig"; sourceTree = "<group>"; };
		CF267FEF13614BD01A776238 /* Pods_BubbleTeaLocationUITests.framework */ = {isa = PBXFileReference; explicitFileType = wrapper.framework; includeInIndex = 0; path = Pods_BubbleTeaLocationUITests.framework; sourceTree = BUILT_PRODUCTS_DIR; };
		EEC5B98A6360B30EAD5F3149 /* Pods-BubbleTeaLocationTests.debug.xcconfig */ = {isa = PBXFileReference; includeInIndex = 1; lastKnownFileType = text.xcconfig; name = "Pods-BubbleTeaLocationTests.debug.xcconfig"; path = "Target Support Files/Pods-BubbleTeaLocationTests/Pods-BubbleTeaLocationTests.debug.xcconfig"; sourceTree = "<group>"; };
		FF0E325F37017B129B8164D0 /* Pods-BubbleTeaLocation.release.xcconfig */ = {isa = PBXFileReference; includeInIndex = 1; lastKnownFileType = text.xcconfig; name = "Pods-BubbleTeaLocation.release.xcconfig"; path = "Target Support Files/Pods-BubbleTeaLocation/Pods-BubbleTeaLocation.release.xcconfig"; sourceTree = "<group>"; };
/* End PBXFileReference section */

/* Begin PBXFrameworksBuildPhase section */
		1E2C9930221541FD0080A380 /* Frameworks */ = {
			isa = PBXFrameworksBuildPhase;
			buildActionMask = 2147483647;
			files = (
				42A0FFF973D3188456D46A7E /* Pods_BubbleTeaLocation.framework in Frameworks */,
			);
			runOnlyForDeploymentPostprocessing = 0;
		};
		1E2C9944221541FE0080A380 /* Frameworks */ = {
			isa = PBXFrameworksBuildPhase;
			buildActionMask = 2147483647;
			files = (
				AFE9427A90F6E49C84BDD873 /* Pods_BubbleTeaLocationTests.framework in Frameworks */,
			);
			runOnlyForDeploymentPostprocessing = 0;
		};
		1E2C994F221541FE0080A380 /* Frameworks */ = {
			isa = PBXFrameworksBuildPhase;
			buildActionMask = 2147483647;
			files = (
				28355387CD9ED96864B84DC4 /* Pods_BubbleTeaLocationUITests.framework in Frameworks */,
			);
			runOnlyForDeploymentPostprocessing = 0;
		};
/* End PBXFrameworksBuildPhase section */

/* Begin PBXGroup section */
		1E2C992A221541FD0080A380 = {
			isa = PBXGroup;
			children = (
				1E2C9935221541FD0080A380 /* BubbleTeaLocation */,
				1E2C994A221541FE0080A380 /* BubbleTeaLocationTests */,
				1E2C9955221541FE0080A380 /* BubbleTeaLocationUITests */,
				1E2C9934221541FD0080A380 /* Products */,
				F8CC63B7029C0C0439DD544F /* Pods */,
				33082032A1298FC619B1EEF0 /* Frameworks */,
			);
			sourceTree = "<group>";
		};
		1E2C9934221541FD0080A380 /* Products */ = {
			isa = PBXGroup;
			children = (
				1E2C9933221541FD0080A380 /* BubbleTeaLocation.app */,
				1E2C9947221541FE0080A380 /* BubbleTeaLocationTests.xctest */,
				1E2C9952221541FE0080A380 /* BubbleTeaLocationUITests.xctest */,
			);
			name = Products;
			sourceTree = "<group>";
		};
		1E2C9935221541FD0080A380 /* BubbleTeaLocation */ = {
			isa = PBXGroup;
			children = (
				1E925A9E221E80B400655CBA /* Model */,
				1E2C9936221541FD0080A380 /* AppDelegate.swift */,
				1E2C9938221541FD0080A380 /* ViewController.swift */,
				1E2C993A221541FD0080A380 /* Main.storyboard */,
				1E2C993D221541FE0080A380 /* Assets.xcassets */,
				1E2C993F221541FE0080A380 /* LaunchScreen.storyboard */,
				1E2C9942221541FE0080A380 /* Info.plist */,
			);
			path = BubbleTeaLocation;
			sourceTree = "<group>";
		};
		1E2C994A221541FE0080A380 /* BubbleTeaLocationTests */ = {
			isa = PBXGroup;
			children = (
				1E2C994B221541FE0080A380 /* BubbleTeaLocationTests.swift */,
				1E2C994D221541FE0080A380 /* Info.plist */,
			);
			path = BubbleTeaLocationTests;
			sourceTree = "<group>";
		};
		1E2C9955221541FE0080A380 /* BubbleTeaLocationUITests */ = {
			isa = PBXGroup;
			children = (
				1E2C9956221541FE0080A380 /* BubbleTeaLocationUITests.swift */,
				1E2C9958221541FE0080A380 /* Info.plist */,
			);
			path = BubbleTeaLocationUITests;
			sourceTree = "<group>";
		};
		1E925A9E221E80B400655CBA /* Model */ = {
			isa = PBXGroup;
			children = (
				1E925A9F221E80C900655CBA /* JsonResponse.swift */,
				1E925AA1221E814C00655CBA /* VenuesResponse.swift */,
				1E925AA3221E817E00655CBA /* Venue.swift */,
				1E925AA5221E843D00655CBA /* Location.swift */,
			);
			path = Model;
			sourceTree = "<group>";
		};
		33082032A1298FC619B1EEF0 /* Frameworks */ = {
			isa = PBXGroup;
			children = (
				102C0039A28B60FA7376D9A4 /* Pods_BubbleTeaLocation.framework */,
				10CBA9B31644FE0F2327DD90 /* Pods_BubbleTeaLocationTests.framework */,
				CF267FEF13614BD01A776238 /* Pods_BubbleTeaLocationUITests.framework */,
			);
			name = Frameworks;
			sourceTree = "<group>";
		};
		F8CC63B7029C0C0439DD544F /* Pods */ = {
			isa = PBXGroup;
			children = (
				67FA813DD67C26F3BC5D11B2 /* Pods-BubbleTeaLocation.debug.xcconfig */,
				FF0E325F37017B129B8164D0 /* Pods-BubbleTeaLocation.release.xcconfig */,
				EEC5B98A6360B30EAD5F3149 /* Pods-BubbleTeaLocationTests.debug.xcconfig */,
				4E75BB0D661F4A09F0E794D4 /* Pods-BubbleTeaLocationTests.release.xcconfig */,
				800A38D6BA6A76E5AAF36DC6 /* Pods-BubbleTeaLocationUITests.debug.xcconfig */,
				AA0D2B6375C368E466CF1AF3 /* Pods-BubbleTeaLocationUITests.release.xcconfig */,
			);
			path = Pods;
			sourceTree = "<group>";
		};
/* End PBXGroup section */

/* Begin PBXNativeTarget section */
		1E2C9932221541FD0080A380 /* BubbleTeaLocation */ = {
			isa = PBXNativeTarget;
			buildConfigurationList = 1E2C995B221541FE0080A380 /* Build configuration list for PBXNativeTarget "BubbleTeaLocation" */;
			buildPhases = (
				E391917E412BF5B7A6B6C521 /* [CP] Check Pods Manifest.lock */,
				1E2C992F221541FD0080A380 /* Sources */,
				1E2C9930221541FD0080A380 /* Frameworks */,
				1E2C9931221541FD0080A380 /* Resources */,
				938F10490BD1592B4CD78504 /* [CP] Copy Pods Resources */,
				2B9F854D14CF437251FDDDE6 /* [CP] Embed Pods Frameworks */,
			);
			buildRules = (
			);
			dependencies = (
			);
			name = BubbleTeaLocation;
			productName = BubbleTeaLocation;
			productReference = 1E2C9933221541FD0080A380 /* BubbleTeaLocation.app */;
			productType = "com.apple.product-type.application";
		};
		1E2C9946221541FE0080A380 /* BubbleTeaLocationTests */ = {
			isa = PBXNativeTarget;
			buildConfigurationList = 1E2C995E221541FE0080A380 /* Build configuration list for PBXNativeTarget "BubbleTeaLocationTests" */;
			buildPhases = (
				7D10BF38001D8C89DA634459 /* [CP] Check Pods Manifest.lock */,
				1E2C9943221541FE0080A380 /* Sources */,
				1E2C9944221541FE0080A380 /* Frameworks */,
				1E2C9945221541FE0080A380 /* Resources */,
			);
			buildRules = (
			);
			dependencies = (
				1E2C9949221541FE0080A380 /* PBXTargetDependency */,
			);
			name = BubbleTeaLocationTests;
			productName = BubbleTeaLocationTests;
			productReference = 1E2C9947221541FE0080A380 /* BubbleTeaLocationTests.xctest */;
			productType = "com.apple.product-type.bundle.unit-test";
		};
		1E2C9951221541FE0080A380 /* BubbleTeaLocationUITests */ = {
			isa = PBXNativeTarget;
			buildConfigurationList = 1E2C9961221541FE0080A380 /* Build configuration list for PBXNativeTarget "BubbleTeaLocationUITests" */;
			buildPhases = (
				4A5B89DD7F1DE5D41FDC4F0F /* [CP] Check Pods Manifest.lock */,
				1E2C994E221541FE0080A380 /* Sources */,
				1E2C994F221541FE0080A380 /* Frameworks */,
				1E2C9950221541FE0080A380 /* Resources */,
			);
			buildRules = (
			);
			dependencies = (
				1E2C9954221541FE0080A380 /* PBXTargetDependency */,
			);
			name = BubbleTeaLocationUITests;
			productName = BubbleTeaLocationUITests;
			productReference = 1E2C9952221541FE0080A380 /* BubbleTeaLocationUITests.xctest */;
			productType = "com.apple.product-type.bundle.ui-testing";
		};
/* End PBXNativeTarget section */

/* Begin PBXProject section */
		1E2C992B221541FD0080A380 /* Project object */ = {
			isa = PBXProject;
			attributes = {
				LastSwiftUpdateCheck = 1010;
				LastUpgradeCheck = 1010;
				ORGANIZATIONNAME = Spextrum;
				TargetAttributes = {
					1E2C9932221541FD0080A380 = {
						CreatedOnToolsVersion = 10.1;
					};
					1E2C9946221541FE0080A380 = {
						CreatedOnToolsVersion = 10.1;
						TestTargetID = 1E2C9932221541FD0080A380;
					};
					1E2C9951221541FE0080A380 = {
						CreatedOnToolsVersion = 10.1;
						TestTargetID = 1E2C9932221541FD0080A380;
					};
				};
			};
			buildConfigurationList = 1E2C992E221541FD0080A380 /* Build configuration list for PBXProject "BubbleTeaLocation" */;
			compatibilityVersion = "Xcode 9.3";
			developmentRegion = en;
			hasScannedForEncodings = 0;
			knownRegions = (
				en,
				Base,
			);
			mainGroup = 1E2C992A221541FD0080A380;
			productRefGroup = 1E2C9934221541FD0080A380 /* Products */;
			projectDirPath = "";
			projectRoot = "";
			targets = (
				1E2C9932221541FD0080A380 /* BubbleTeaLocation */,
				1E2C9946221541FE0080A380 /* BubbleTeaLocationTests */,
				1E2C9951221541FE0080A380 /* BubbleTeaLocationUITests */,
			);
		};
/* End PBXProject section */

/* Begin PBXResourcesBuildPhase section */
		1E2C9931221541FD0080A380 /* Resources */ = {
			isa = PBXResourcesBuildPhase;
			buildActionMask = 2147483647;
			files = (
				1E2C9941221541FE0080A380 /* LaunchScreen.storyboard in Resources */,
				1E2C993E221541FE0080A380 /* Assets.xcassets in Resources */,
				1E2C993C221541FD0080A380 /* Main.storyboard in Resources */,
			);
			runOnlyForDeploymentPostprocessing = 0;
		};
		1E2C9945221541FE0080A380 /* Resources */ = {
			isa = PBXResourcesBuildPhase;
			buildActionMask = 2147483647;
			files = (
			);
			runOnlyForDeploymentPostprocessing = 0;
		};
		1E2C9950221541FE0080A380 /* Resources */ = {
			isa = PBXResourcesBuildPhase;
			buildActionMask = 2147483647;
			files = (
			);
			runOnlyForDeploymentPostprocessing = 0;
		};
/* End PBXResourcesBuildPhase section */

/* Begin PBXShellScriptBuildPhase section */
		2B9F854D14CF437251FDDDE6 /* [CP] Embed Pods Frameworks */ = {
			isa = PBXShellScriptBuildPhase;
			buildActionMask = 2147483647;
			files = (
			);
			inputFileListPaths = (
			);
			inputPaths = (
				"${PODS_ROOT}/Target Support Files/Pods-BubbleTeaLocation/Pods-BubbleTeaLocation-frameworks.sh",
				"${BUILT_PRODUCTS_DIR}/Alamofire/Alamofire.framework",
			);
			name = "[CP] Embed Pods Frameworks";
			outputFileListPaths = (
			);
			outputPaths = (
				"${TARGET_BUILD_DIR}/${FRAMEWORKS_FOLDER_PATH}/Alamofire.framework",
			);
			runOnlyForDeploymentPostprocessing = 0;
			shellPath = /bin/sh;
			shellScript = "\"${PODS_ROOT}/Target Support Files/Pods-BubbleTeaLocation/Pods-BubbleTeaLocation-frameworks.sh\"\n";
			showEnvVarsInLog = 0;
		};
		4A5B89DD7F1DE5D41FDC4F0F /* [CP] Check Pods Manifest.lock */ = {
			isa = PBXShellScriptBuildPhase;
			buildActionMask = 2147483647;
			files = (
			);
			inputFileListPaths = (
			);
			inputPaths = (
				"${PODS_PODFILE_DIR_PATH}/Podfile.lock",
				"${PODS_ROOT}/Manifest.lock",
			);
			name = "[CP] Check Pods Manifest.lock";
			outputFileListPaths = (
			);
			outputPaths = (
				"$(DERIVED_FILE_DIR)/Pods-BubbleTeaLocationUITests-checkManifestLockResult.txt",
			);
			runOnlyForDeploymentPostprocessing = 0;
			shellPath = /bin/sh;
			shellScript = "diff \"${PODS_PODFILE_DIR_PATH}/Podfile.lock\" \"${PODS_ROOT}/Manifest.lock\" > /dev/null\nif [ $? != 0 ] ; then\n    # print error to STDERR\n    echo \"error: The sandbox is not in sync with the Podfile.lock. Run 'pod install' or update your CocoaPods installation.\" >&2\n    exit 1\nfi\n# This output is used by Xcode 'outputs' to avoid re-running this script phase.\necho \"SUCCESS\" > \"${SCRIPT_OUTPUT_FILE_0}\"\n";
			showEnvVarsInLog = 0;
		};
		7D10BF38001D8C89DA634459 /* [CP] Check Pods Manifest.lock */ = {
			isa = PBXShellScriptBuildPhase;
			buildActionMask = 2147483647;
			files = (
			);
			inputFileListPaths = (
			);
			inputPaths = (
				"${PODS_PODFILE_DIR_PATH}/Podfile.lock",
				"${PODS_ROOT}/Manifest.lock",
			);
			name = "[CP] Check Pods Manifest.lock";
			outputFileListPaths = (
			);
			outputPaths = (
				"$(DERIVED_FILE_DIR)/Pods-BubbleTeaLocationTests-checkManifestLockResult.txt",
			);
			runOnlyForDeploymentPostprocessing = 0;
			shellPath = /bin/sh;
			shellScript = "diff \"${PODS_PODFILE_DIR_PATH}/Podfile.lock\" \"${PODS_ROOT}/Manifest.lock\" > /dev/null\nif [ $? != 0 ] ; then\n    # print error to STDERR\n    echo \"error: The sandbox is not in sync with the Podfile.lock. Run 'pod install' or update your CocoaPods installation.\" >&2\n    exit 1\nfi\n# This output is used by Xcode 'outputs' to avoid re-running this script phase.\necho \"SUCCESS\" > \"${SCRIPT_OUTPUT_FILE_0}\"\n";
			showEnvVarsInLog = 0;
		};
		938F10490BD1592B4CD78504 /* [CP] Copy Pods Resources */ = {
			isa = PBXShellScriptBuildPhase;
			buildActionMask = 2147483647;
			files = (
			);
			inputFileListPaths = (
			);
			inputPaths = (
				"${PODS_ROOT}/Target Support Files/Pods-BubbleTeaLocation/Pods-BubbleTeaLocation-resources.sh",
				"${PODS_ROOT}/GoogleMaps/Maps/Frameworks/GoogleMaps.framework/Resources/GoogleMaps.bundle",
			);
			name = "[CP] Copy Pods Resources";
			outputFileListPaths = (
			);
			outputPaths = (
				"${TARGET_BUILD_DIR}/${UNLOCALIZED_RESOURCES_FOLDER_PATH}/GoogleMaps.bundle",
			);
			runOnlyForDeploymentPostprocessing = 0;
			shellPath = /bin/sh;
			shellScript = "\"${PODS_ROOT}/Target Support Files/Pods-BubbleTeaLocation/Pods-BubbleTeaLocation-resources.sh\"\n";
			showEnvVarsInLog = 0;
		};
		E391917E412BF5B7A6B6C521 /* [CP] Check Pods Manifest.lock */ = {
			isa = PBXShellScriptBuildPhase;
			buildActionMask = 2147483647;
			files = (
			);
			inputFileListPaths = (
			);
			inputPaths = (
				"${PODS_PODFILE_DIR_PATH}/Podfile.lock",
				"${PODS_ROOT}/Manifest.lock",
			);
			name = "[CP] Check Pods Manifest.lock";
			outputFileListPaths = (
			);
			outputPaths = (
				"$(DERIVED_FILE_DIR)/Pods-BubbleTeaLocation-checkManifestLockResult.txt",
			);
			runOnlyForDeploymentPostprocessing = 0;
			shellPath = /bin/sh;
			shellScript = "diff \"${PODS_PODFILE_DIR_PATH}/Podfile.lock\" \"${PODS_ROOT}/Manifest.lock\" > /dev/null\nif [ $? != 0 ] ; then\n    # print error to STDERR\n    echo \"error: The sandbox is not in sync with the Podfile.lock. Run 'pod install' or update your CocoaPods installation.\" >&2\n    exit 1\nfi\n# This output is used by Xcode 'outputs' to avoid re-running this script phase.\necho \"SUCCESS\" > \"${SCRIPT_OUTPUT_FILE_0}\"\n";
			showEnvVarsInLog = 0;
		};
/* End PBXShellScriptBuildPhase section */

/* Begin PBXSourcesBuildPhase section */
		1E2C992F221541FD0080A380 /* Sources */ = {
			isa = PBXSourcesBuildPhase;
			buildActionMask = 2147483647;
			files = (
				1E925AA4221E817E00655CBA /* Venue.swift in Sources */,
				1E925AA2221E814C00655CBA /* VenuesResponse.swift in Sources */,
				1E2C9939221541FD0080A380 /* ViewController.swift in Sources */,
				1E925AA0221E80C900655CBA /* JsonResponse.swift in Sources */,
				1E2C9937221541FD0080A380 /* AppDelegate.swift in Sources */,
				1E925AA6221E843D00655CBA /* Location.swift in Sources */,
			);
			runOnlyForDeploymentPostprocessing = 0;
		};
		1E2C9943221541FE0080A380 /* Sources */ = {
			isa = PBXSourcesBuildPhase;
			buildActionMask = 2147483647;
			files = (
				1E2C994C221541FE0080A380 /* BubbleTeaLocationTests.swift in Sources */,
			);
			runOnlyForDeploymentPostprocessing = 0;
		};
		1E2C994E221541FE0080A380 /* Sources */ = {
			isa = PBXSourcesBuildPhase;
			buildActionMask = 2147483647;
			files = (
				1E2C9957221541FE0080A380 /* BubbleTeaLocationUITests.swift in Sources */,
			);
			runOnlyForDeploymentPostprocessing = 0;
		};
/* End PBXSourcesBuildPhase section */

/* Begin PBXTargetDependency section */
		1E2C9949221541FE0080A380 /* PBXTargetDependency */ = {
			isa = PBXTargetDependency;
			target = 1E2C9932221541FD0080A380 /* BubbleTeaLocation */;
			targetProxy = 1E2C9948221541FE0080A380 /* PBXContainerItemProxy */;
		};
		1E2C9954221541FE0080A380 /* PBXTargetDependency */ = {
			isa = PBXTargetDependency;
			target = 1E2C9932221541FD0080A380 /* BubbleTeaLocation */;
			targetProxy = 1E2C9953221541FE0080A380 /* PBXContainerItemProxy */;
		};
/* End PBXTargetDependency section */

/* Begin PBXVariantGroup section */
		1E2C993A221541FD0080A380 /* Main.storyboard */ = {
			isa = PBXVariantGroup;
			children = (
				1E2C993B221541FD0080A380 /* Base */,
			);
			name = Main.storyboard;
			sourceTree = "<group>";
		};
		1E2C993F221541FE0080A380 /* LaunchScreen.storyboard */ = {
			isa = PBXVariantGroup;
			children = (
				1E2C9940221541FE0080A380 /* Base */,
			);
			name = LaunchScreen.storyboard;
			sourceTree = "<group>";
		};
/* End PBXVariantGroup section */

/* Begin XCBuildConfiguration section */
		1E2C9959221541FE0080A380 /* Debug */ = {
			isa = XCBuildConfiguration;
			buildSettings = {
				ALWAYS_SEARCH_USER_PATHS = NO;
				CLANG_ANALYZER_NONNULL = YES;
				CLANG_ANALYZER_NUMBER_OBJECT_CONVERSION = YES_AGGRESSIVE;
				CLANG_CXX_LANGUAGE_STANDARD = "gnu++14";
				CLANG_CXX_LIBRARY = "libc++";
				CLANG_ENABLE_MODULES = YES;
				CLANG_ENABLE_OBJC_ARC = YES;
				CLANG_ENABLE_OBJC_WEAK = YES;
				CLANG_WARN_BLOCK_CAPTURE_AUTORELEASING = YES;
				CLANG_WARN_BOOL_CONVERSION = YES;
				CLANG_WARN_COMMA = YES;
				CLANG_WARN_CONSTANT_CONVERSION = YES;
				CLANG_WARN_DEPRECATED_OBJC_IMPLEMENTATIONS = YES;
				CLANG_WARN_DIRECT_OBJC_ISA_USAGE = YES_ERROR;
				CLANG_WARN_DOCUMENTATION_COMMENTS = YES;
				CLANG_WARN_EMPTY_BODY = YES;
				CLANG_WARN_ENUM_CONVERSION = YES;
				CLANG_WARN_INFINITE_RECURSION = YES;
				CLANG_WARN_INT_CONVERSION = YES;
				CLANG_WARN_NON_LITERAL_NULL_CONVERSION = YES;
				CLANG_WARN_OBJC_IMPLICIT_RETAIN_SELF = YES;
				CLANG_WARN_OBJC_LITERAL_CONVERSION = YES;
				CLANG_WARN_OBJC_ROOT_CLASS = YES_ERROR;
				CLANG_WARN_RANGE_LOOP_ANALYSIS = YES;
				CLANG_WARN_STRICT_PROTOTYPES = YES;
				CLANG_WARN_SUSPICIOUS_MOVE = YES;
				CLANG_WARN_UNGUARDED_AVAILABILITY = YES_AGGRESSIVE;
				CLANG_WARN_UNREACHABLE_CODE = YES;
				CLANG_WARN__DUPLICATE_METHOD_MATCH = YES;
				CODE_SIGN_IDENTITY = "iPhone Developer";
				COPY_PHASE_STRIP = NO;
				DEBUG_INFORMATION_FORMAT = dwarf;
				ENABLE_STRICT_OBJC_MSGSEND = YES;
				ENABLE_TESTABILITY = YES;
				GCC_C_LANGUAGE_STANDARD = gnu11;
				GCC_DYNAMIC_NO_PIC = NO;
				GCC_NO_COMMON_BLOCKS = YES;
				GCC_OPTIMIZATION_LEVEL = 0;
				GCC_PREPROCESSOR_DEFINITIONS = (
					"DEBUG=1",
					"$(inherited)",
				);
				GCC_WARN_64_TO_32_BIT_CONVERSION = YES;
				GCC_WARN_ABOUT_RETURN_TYPE = YES_ERROR;
				GCC_WARN_UNDECLARED_SELECTOR = YES;
				GCC_WARN_UNINITIALIZED_AUTOS = YES_AGGRESSIVE;
				GCC_WARN_UNUSED_FUNCTION = YES;
				GCC_WARN_UNUSED_VARIABLE = YES;
				IPHONEOS_DEPLOYMENT_TARGET = 12.1;
				MTL_ENABLE_DEBUG_INFO = INCLUDE_SOURCE;
				MTL_FAST_MATH = YES;
				ONLY_ACTIVE_ARCH = YES;
				SDKROOT = iphoneos;
				SWIFT_ACTIVE_COMPILATION_CONDITIONS = DEBUG;
				SWIFT_OPTIMIZATION_LEVEL = "-Onone";
			};
			name = Debug;
		};
		1E2C995A221541FE0080A380 /* Release */ = {
			isa = XCBuildConfiguration;
			buildSettings = {
				ALWAYS_SEARCH_USER_PATHS = NO;
				CLANG_ANALYZER_NONNULL = YES;
				CLANG_ANALYZER_NUMBER_OBJECT_CONVERSION = YES_AGGRESSIVE;
				CLANG_CXX_LANGUAGE_STANDARD = "gnu++14";
				CLANG_CXX_LIBRARY = "libc++";
				CLANG_ENABLE_MODULES = YES;
				CLANG_ENABLE_OBJC_ARC = YES;
				CLANG_ENABLE_OBJC_WEAK = YES;
				CLANG_WARN_BLOCK_CAPTURE_AUTORELEASING = YES;
				CLANG_WARN_BOOL_CONVERSION = YES;
				CLANG_WARN_COMMA = YES;
				CLANG_WARN_CONSTANT_CONVERSION = YES;
				CLANG_WARN_DEPRECATED_OBJC_IMPLEMENTATIONS = YES;
				CLANG_WARN_DIRECT_OBJC_ISA_USAGE = YES_ERROR;
				CLANG_WARN_DOCUMENTATION_COMMENTS = YES;
				CLANG_WARN_EMPTY_BODY = YES;
				CLANG_WARN_ENUM_CONVERSION = YES;
				CLANG_WARN_INFINITE_RECURSION = YES;
				CLANG_WARN_INT_CONVERSION = YES;
				CLANG_WARN_NON_LITERAL_NULL_CONVERSION = YES;
				CLANG_WARN_OBJC_IMPLICIT_RETAIN_SELF = YES;
				CLANG_WARN_OBJC_LITERAL_CONVERSION = YES;
				CLANG_WARN_OBJC_ROOT_CLASS = YES_ERROR;
				CLANG_WARN_RANGE_LOOP_ANALYSIS = YES;
				CLANG_WARN_STRICT_PROTOTYPES = YES;
				CLANG_WARN_SUSPICIOUS_MOVE = YES;
				CLANG_WARN_UNGUARDED_AVAILABILITY = YES_AGGRESSIVE;
				CLANG_WARN_UNREACHABLE_CODE = YES;
				CLANG_WARN__DUPLICATE_METHOD_MATCH = YES;
				CODE_SIGN_IDENTITY = "iPhone Developer";
				COPY_PHASE_STRIP = NO;
				DEBUG_INFORMATION_FORMAT = "dwarf-with-dsym";
				ENABLE_NS_ASSERTIONS = NO;
				ENABLE_STRICT_OBJC_MSGSEND = YES;
				GCC_C_LANGUAGE_STANDARD = gnu11;
				GCC_NO_COMMON_BLOCKS = YES;
				GCC_WARN_64_TO_32_BIT_CONVERSION = YES;
				GCC_WARN_ABOUT_RETURN_TYPE = YES_ERROR;
				GCC_WARN_UNDECLARED_SELECTOR = YES;
				GCC_WARN_UNINITIALIZED_AUTOS = YES_AGGRESSIVE;
				GCC_WARN_UNUSED_FUNCTION = YES;
				GCC_WARN_UNUSED_VARIABLE = YES;
				IPHONEOS_DEPLOYMENT_TARGET = 12.1;
				MTL_ENABLE_DEBUG_INFO = NO;
				MTL_FAST_MATH = YES;
				SDKROOT = iphoneos;
				SWIFT_COMPILATION_MODE = wholemodule;
				SWIFT_OPTIMIZATION_LEVEL = "-O";
				VALIDATE_PRODUCT = YES;
			};
			name = Release;
		};
		1E2C995C221541FE0080A380 /* Debug */ = {
			isa = XCBuildConfiguration;
			baseConfigurationReference = 67FA813DD67C26F3BC5D11B2 /* Pods-BubbleTeaLocation.debug.xcconfig */;
			buildSettings = {
				ASSETCATALOG_COMPILER_APPICON_NAME = AppIcon;
				CODE_SIGN_STYLE = Automatic;
				DEVELOPMENT_TEAM = BXYMF5LW2T;
				INFOPLIST_FILE = BubbleTeaLocation/Info.plist;
				LD_RUNPATH_SEARCH_PATHS = (
					"$(inherited)",
					"@executable_path/Frameworks",
				);
				PRODUCT_BUNDLE_IDENTIFIER = com.spextrum.BubbleTeaLocation;
				PRODUCT_NAME = "$(TARGET_NAME)";
				SWIFT_VERSION = 4.2;
				TARGETED_DEVICE_FAMILY = "1,2";
			};
			name = Debug;
		};
		1E2C995D221541FE0080A380 /* Release */ = {
			isa = XCBuildConfiguration;
			baseConfigurationReference = FF0E325F37017B129B8164D0 /* Pods-BubbleTeaLocation.release.xcconfig */;
			buildSettings = {
				ASSETCATALOG_COMPILER_APPICON_NAME = AppIcon;
				CODE_SIGN_STYLE = Automatic;
				DEVELOPMENT_TEAM = BXYMF5LW2T;
				INFOPLIST_FILE = BubbleTeaLocation/Info.plist;
				LD_RUNPATH_SEARCH_PATHS = (
					"$(inherited)",
					"@executable_path/Frameworks",
				);
				PRODUCT_BUNDLE_IDENTIFIER = com.spextrum.BubbleTeaLocation;
				PRODUCT_NAME = "$(TARGET_NAME)";
				SWIFT_VERSION = 4.2;
				TARGETED_DEVICE_FAMILY = "1,2";
			};
			name = Release;
		};
		1E2C995F221541FE0080A380 /* Debug */ = {
			isa = XCBuildConfiguration;
			baseConfigurationReference = EEC5B98A6360B30EAD5F3149 /* Pods-BubbleTeaLocationTests.debug.xcconfig */;
			buildSettings = {
				ALWAYS_EMBED_SWIFT_STANDARD_LIBRARIES = YES;
				BUNDLE_LOADER = "$(TEST_HOST)";
				CODE_SIGN_STYLE = Automatic;
				DEVELOPMENT_TEAM = BXYMF5LW2T;
				INFOPLIST_FILE = BubbleTeaLocationTests/Info.plist;
				LD_RUNPATH_SEARCH_PATHS = (
					"$(inherited)",
					"@executable_path/Frameworks",
					"@loader_path/Frameworks",
				);
				PRODUCT_BUNDLE_IDENTIFIER = com.spextrum.DemoDatabase.BubbleTeaLocationTests;
				PRODUCT_NAME = "$(TARGET_NAME)";
				SWIFT_VERSION = 4.2;
				TARGETED_DEVICE_FAMILY = "1,2";
				TEST_HOST = "$(BUILT_PRODUCTS_DIR)/BubbleTeaLocation.app/BubbleTeaLocation";
			};
			name = Debug;
		};
		1E2C9960221541FE0080A380 /* Release */ = {
			isa = XCBuildConfiguration;
			baseConfigurationReference = 4E75BB0D661F4A09F0E794D4 /* Pods-BubbleTeaLocationTests.release.xcconfig */;
			buildSettings = {
				ALWAYS_EMBED_SWIFT_STANDARD_LIBRARIES = YES;
				BUNDLE_LOADER = "$(TEST_HOST)";
				CODE_SIGN_STYLE = Automatic;
				DEVELOPMENT_TEAM = BXYMF5LW2T;
				INFOPLIST_FILE = BubbleTeaLocationTests/Info.plist;
				LD_RUNPATH_SEARCH_PATHS = (
					"$(inherited)",
					"@executable_path/Frameworks",
					"@loader_path/Frameworks",
				);
				PRODUCT_BUNDLE_IDENTIFIER = com.spextrum.DemoDatabase.BubbleTeaLocationTests;
				PRODUCT_NAME = "$(TARGET_NAME)";
				SWIFT_VERSION = 4.2;
				TARGETED_DEVICE_FAMILY = "1,2";
				TEST_HOST = "$(BUILT_PRODUCTS_DIR)/BubbleTeaLocation.app/BubbleTeaLocation";
			};
			name = Release;
		};
		1E2C9962221541FE0080A380 /* Debug */ = {
			isa = XCBuildConfiguration;
			baseConfigurationReference = 800A38D6BA6A76E5AAF36DC6 /* Pods-BubbleTeaLocationUITests.debug.xcconfig */;
			buildSettings = {
				ALWAYS_EMBED_SWIFT_STANDARD_LIBRARIES = YES;
				CODE_SIGN_STYLE = Automatic;
				DEVELOPMENT_TEAM = BXYMF5LW2T;
				INFOPLIST_FILE = BubbleTeaLocationUITests/Info.plist;
				LD_RUNPATH_SEARCH_PATHS = (
					"$(inherited)",
					"@executable_path/Frameworks",
					"@loader_path/Frameworks",
				);
				PRODUCT_BUNDLE_IDENTIFIER = com.spextrum.DemoDatabase.BubbleTeaLocationUITests;
				PRODUCT_NAME = "$(TARGET_NAME)";
				SWIFT_VERSION = 4.2;
				TARGETED_DEVICE_FAMILY = "1,2";
				TEST_TARGET_NAME = BubbleTeaLocation;
			};
			name = Debug;
		};
		1E2C9963221541FE0080A380 /* Release */ = {
			isa = XCBuildConfiguration;
			baseConfigurationReference = AA0D2B6375C368E466CF1AF3 /* Pods-BubbleTeaLocationUITests.release.xcconfig */;
			buildSettings = {
				ALWAYS_EMBED_SWIFT_STANDARD_LIBRARIES = YES;
				CODE_SIGN_STYLE = Automatic;
				DEVELOPMENT_TEAM = BXYMF5LW2T;
				INFOPLIST_FILE = BubbleTeaLocationUITests/Info.plist;
				LD_RUNPATH_SEARCH_PATHS = (
					"$(inherited)",
					"@executable_path/Frameworks",
					"@loader_path/Frameworks",
				);
				PRODUCT_BUNDLE_IDENTIFIER = com.spextrum.DemoDatabase.BubbleTeaLocationUITests;
				PRODUCT_NAME = "$(TARGET_NAME)";
				SWIFT_VERSION = 4.2;
				TARGETED_DEVICE_FAMILY = "1,2";
				TEST_TARGET_NAME = BubbleTeaLocation;
			};
			name = Release;
		};
/* End XCBuildConfiguration section */

/* Begin XCConfigurationList section */
		1E2C992E221541FD0080A380 /* Build configuration list for PBXProject "BubbleTeaLocation" */ = {
			isa = XCConfigurationList;
			buildConfigurations = (
				1E2C9959221541FE0080A380 /* Debug */,
				1E2C995A221541FE0080A380 /* Release */,
			);
			defaultConfigurationIsVisible = 0;
			defaultConfigurationName = Release;
		};
		1E2C995B221541FE0080A380 /* Build configuration list for PBXNativeTarget "BubbleTeaLocation" */ = {
			isa = XCConfigurationList;
			buildConfigurations = (
				1E2C995C221541FE0080A380 /* Debug */,
				1E2C995D221541FE0080A380 /* Release */,
			);
			defaultConfigurationIsVisible = 0;
			defaultConfigurationName = Release;
		};
		1E2C995E221541FE0080A380 /* Build configuration list for PBXNativeTarget "BubbleTeaLocationTests" */ = {
			isa = XCConfigurationList;
			buildConfigurations = (
				1E2C995F221541FE0080A380 /* Debug */,
				1E2C9960221541FE0080A380 /* Release */,
			);
			defaultConfigurationIsVisible = 0;
			defaultConfigurationName = Release;
		};
		1E2C9961221541FE0080A380 /* Build configuration list for PBXNativeTarget "BubbleTeaLocationUITests" */ = {
			isa = XCConfigurationList;
			buildConfigurations = (
				1E2C9962221541FE0080A380 /* Debug */,
				1E2C9963221541FE0080A380 /* Release */,
			);
			defaultConfigurationIsVisible = 0;
			defaultConfigurationName = Release;
		};
/* End XCConfigurationList section */
	};
	rootObject = 1E2C992B221541FD0080A380 /* Project object */;
}
